// !$*UTF8*$!
{
	archiveVersion = 1;
	classes = {
	};
	objectVersion = 46;
	objects = {

/* Begin PBXBuildFile section */
		E68EF70E1D83FD6600CDB112 /* main.m in Sources */ = {isa = PBXBuildFile; fileRef = E68EF70D1D83FD6600CDB112 /* main.m */; };
		E68EF7111D83FD6600CDB112 /* AppDelegate.m in Sources */ = {isa = PBXBuildFile; fileRef = E68EF7101D83FD6600CDB112 /* AppDelegate.m */; };
		E68EF7141D83FD6600CDB112 /* ViewController.mm in Sources */ = {isa = PBXBuildFile; fileRef = E68EF7131D83FD6600CDB112 /* ViewController.mm */; };
		E68EF7171D83FD6600CDB112 /* Main.storyboard in Resources */ = {isa = PBXBuildFile; fileRef = E68EF7151D83FD6600CDB112 /* Main.storyboard */; };
		E68EF7191D83FD6600CDB112 /* Assets.xcassets in Resources */ = {isa = PBXBuildFile; fileRef = E68EF7181D83FD6600CDB112 /* Assets.xcassets */; };
		E68EF71C1D83FD6600CDB112 /* LaunchScreen.storyboard in Resources */ = {isa = PBXBuildFile; fileRef = E68EF71A1D83FD6600CDB112 /* LaunchScreen.storyboard */; };
		E68EF7241D83FDA900CDB112 /* libDeclarationCore.a in Frameworks */ = {isa = PBXBuildFile; fileRef = E68EF7231D83FDA900CDB112 /* libDeclarationCore.a */; };
/* End PBXBuildFile section */

/* Begin PBXFileReference section */
		E68EF7091D83FD6600CDB112 /* Declaration.app */ = {isa = PBXFileReference; explicitFileType = wrapper.application; includeInIndex = 0; path = Declaration.app; sourceTree = BUILT_PRODUCTS_DIR; };
		E68EF70D1D83FD6600CDB112 /* main.m */ = {isa = PBXFileReference; lastKnownFileType = sourcecode.c.objc; path = main.m; sourceTree = "<group>"; };
		E68EF70F1D83FD6600CDB112 /* AppDelegate.h */ = {isa = PBXFileReference; lastKnownFileType = sourcecode.c.h; path = AppDelegate.h; sourceTree = "<group>"; };
		E68EF7101D83FD6600CDB112 /* AppDelegate.m */ = {isa = PBXFileReference; lastKnownFileType = sourcecode.c.objc; path = AppDelegate.m; sourceTree = "<group>"; };
		E68EF7121D83FD6600CDB112 /* ViewController.h */ = {isa = PBXFileReference; lastKnownFileType = sourcecode.c.h; path = ViewController.h; sourceTree = "<group>"; };
		E68EF7131D83FD6600CDB112 /* ViewController.mm */ = {isa = PBXFileReference; lastKnownFileType = sourcecode.cpp.objcpp; path = ViewController.mm; sourceTree = "<group>"; };
		E68EF7161D83FD6600CDB112 /* Base */ = {isa = PBXFileReference; lastKnownFileType = file.storyboard; name = Base; path = Base.lproj/Main.storyboard; sourceTree = "<group>"; };
		E68EF7181D83FD6600CDB112 /* Assets.xcassets */ = {isa = PBXFileReference; lastKnownFileType = folder.assetcatalog; path = Assets.xcassets; sourceTree = "<group>"; };
		E68EF71B1D83FD6600CDB112 /* Base */ = {isa = PBXFileReference; lastKnownFileType = file.storyboard; name = Base; path = Base.lproj/LaunchScreen.storyboard; sourceTree = "<group>"; };
		E68EF71D1D83FD6600CDB112 /* Info.plist */ = {isa = PBXFileReference; lastKnownFileType = text.plist.xml; path = Info.plist; sourceTree = "<group>"; };
		E68EF7231D83FDA900CDB112 /* libDeclarationCore.a */ = {isa = PBXFileReference; lastKnownFileType = archive.ar; name = libDeclarationCore.a; path = "../../../../Library/Developer/Xcode/DerivedData/Declaration-fddspnruwjnvrtejahoriiipdplq/Build/Products/Debug-iphonesimulator/libDeclarationCore.a"; sourceTree = "<group>"; };
/* End PBXFileReference section */

/* Begin PBXFrameworksBuildPhase section */
		E68EF7061D83FD6600CDB112 /* Frameworks */ = {
			isa = PBXFrameworksBuildPhase;
			buildActionMask = 2147483647;
			files = (
				E68EF7241D83FDA900CDB112 /* libDeclarationCore.a in Frameworks */,
			);
			runOnlyForDeploymentPostprocessing = 0;
		};
/* End PBXFrameworksBuildPhase section */

/* Begin PBXGroup section */
		E68EF7001D83FD6600CDB112 = {
			isa = PBXGroup;
			children = (
				E68EF7231D83FDA900CDB112 /* libDeclarationCore.a */,
				E68EF70B1D83FD6600CDB112 /* Declaration */,
				E68EF70A1D83FD6600CDB112 /* Products */,
			);
			sourceTree = "<group>";
		};
		E68EF70A1D83FD6600CDB112 /* Products */ = {
			isa = PBXGroup;
			children = (
				E68EF7091D83FD6600CDB112 /* Declaration.app */,
			);
			name = Products;
			sourceTree = "<group>";
		};
		E68EF70B1D83FD6600CDB112 /* Declaration */ = {
			isa = PBXGroup;
			children = (
				E68EF70F1D83FD6600CDB112 /* AppDelegate.h */,
				E68EF7101D83FD6600CDB112 /* AppDelegate.m */,
				E68EF7121D83FD6600CDB112 /* ViewController.h */,
				E68EF7131D83FD6600CDB112 /* ViewController.mm */,
				E68EF7151D83FD6600CDB112 /* Main.storyboard */,
				E68EF7181D83FD6600CDB112 /* Assets.xcassets */,
				E68EF71A1D83FD6600CDB112 /* LaunchScreen.storyboard */,
				E68EF71D1D83FD6600CDB112 /* Info.plist */,
				E68EF70C1D83FD6600CDB112 /* Supporting Files */,
			);
			path = Declaration;
			sourceTree = "<group>";
		};
		E68EF70C1D83FD6600CDB112 /* Supporting Files */ = {
			isa = PBXGroup;
			children = (
				E68EF70D1D83FD6600CDB112 /* main.m */,
			);
			name = "Supporting Files";
			sourceTree = "<group>";
		};
/* End PBXGroup section */

/* Begin PBXNativeTarget section */
		E68EF7081D83FD6600CDB112 /* Declaration */ = {
			isa = PBXNativeTarget;
			buildConfigurationList = E68EF7201D83FD6600CDB112 /* Build configuration list for PBXNativeTarget "Declaration" */;
			buildPhases = (
				E68EF7051D83FD6600CDB112 /* Sources */,
				E68EF7061D83FD6600CDB112 /* Frameworks */,
				E68EF7071D83FD6600CDB112 /* Resources */,
			);
			buildRules = (
			);
			dependencies = (
			);
			name = Declaration;
			productName = Declaration;
			productReference = E68EF7091D83FD6600CDB112 /* Declaration.app */;
			productType = "com.apple.product-type.application";
		};
/* End PBXNativeTarget section */

/* Begin PBXProject section */
		E68EF7011D83FD6600CDB112 /* Project object */ = {
			isa = PBXProject;
			attributes = {
				LastUpgradeCheck = 0730;
				ORGANIZATIONNAME = "Aleksei Kolchanov";
				TargetAttributes = {
					E68EF7081D83FD6600CDB112 = {
						CreatedOnToolsVersion = 7.3.1;
					};
				};
			};
			buildConfigurationList = E68EF7041D83FD6600CDB112 /* Build configuration list for PBXProject "Declaration" */;
			compatibilityVersion = "Xcode 3.2";
			developmentRegion = English;
			hasScannedForEncodings = 0;
			knownRegions = (
				en,
				Base,
			);
			mainGroup = E68EF7001D83FD6600CDB112;
			productRefGroup = E68EF70A1D83FD6600CDB112 /* Products */;
			projectDirPath = "";
			projectRoot = "";
			targets = (
				E68EF7081D83FD6600CDB112 /* Declaration */,
			);
		};
/* End PBXProject section */

/* Begin PBXResourcesBuildPhase section */
		E68EF7071D83FD6600CDB112 /* Resources */ = {
			isa = PBXResourcesBuildPhase;
			buildActionMask = 2147483647;
			files = (
				E68EF71C1D83FD6600CDB112 /* LaunchScreen.storyboard in Resources */,
				E68EF7191D83FD6600CDB112 /* Assets.xcassets in Resources */,
				E68EF7171D83FD6600CDB112 /* Main.storyboard in Resources */,
			);
			runOnlyForDeploymentPostprocessing = 0;
		};
/* End PBXResourcesBuildPhase section */

/* Begin PBXSourcesBuildPhase section */
		E68EF7051D83FD6600CDB112 /* Sources */ = {
			isa = PBXSourcesBuildPhase;
			buildActionMask = 2147483647;
			files = (
				E68EF7141D83FD6600CDB112 /* ViewController.mm in Sources */,
				E68EF7111D83FD6600CDB112 /* AppDelegate.m in Sources */,
				E68EF70E1D83FD6600CDB112 /* main.m in Sources */,
			);
			runOnlyForDeploymentPostprocessing = 0;
		};
/* End PBXSourcesBuildPhase section */

/* Begin PBXVariantGroup section */
		E68EF7151D83FD6600CDB112 /* Main.storyboard */ = {
			isa = PBXVariantGroup;
			children = (
				E68EF7161D83FD6600CDB112 /* Base */,
			);
			name = Main.storyboard;
			sourceTree = "<group>";
		};
		E68EF71A1D83FD6600CDB112 /* LaunchScreen.storyboard */ = {
			isa = PBXVariantGroup;
			children = (
				E68EF71B1D83FD6600CDB112 /* Base */,
			);
			name = LaunchScreen.storyboard;
			sourceTree = "<group>";
		};
/* End PBXVariantGroup section */

/* Begin XCBuildConfiguration section */
		E68EF71E1D83FD6600CDB112 /* Debug */ = {
			isa = XCBuildConfiguration;
			buildSettings = {
				ALWAYS_SEARCH_USER_PATHS = NO;
				CLANG_ANALYZER_NONNULL = YES;
				CLANG_CXX_LANGUAGE_STANDARD = "gnu++0x";
				CLANG_CXX_LIBRARY = "libc++";
				CLANG_ENABLE_MODULES = YES;
				CLANG_ENABLE_OBJC_ARC = YES;
				CLANG_WARN_BOOL_CONVERSION = YES;
				CLANG_WARN_CONSTANT_CONVERSION = YES;
				CLANG_WARN_DIRECT_OBJC_ISA_USAGE = YES_ERROR;
				CLANG_WARN_EMPTY_BODY = YES;
				CLANG_WARN_ENUM_CONVERSION = YES;
				CLANG_WARN_INT_CONVERSION = YES;
				CLANG_WARN_OBJC_ROOT_CLASS = YES_ERROR;
				CLANG_WARN_UNREACHABLE_CODE = YES;
				CLANG_WARN__DUPLICATE_METHOD_MATCH = YES;
				"CODE_SIGN_IDENTITY[sdk=iphoneos*]" = "iPhone Developer";
				COPY_PHASE_STRIP = NO;
				DEBUG_INFORMATION_FORMAT = dwarf;
				ENABLE_STRICT_OBJC_MSGSEND = YES;
				ENABLE_TESTABILITY = YES;
				GCC_C_LANGUAGE_STANDARD = gnu99;
				GCC_DYNAMIC_NO_PIC = NO;
				GCC_NO_COMMON_BLOCKS = YES;
				GCC_OPTIMIZATION_LEVEL = 0;
				GCC_PREPROCESSOR_DEFINITIONS = (
					"DEBUG=1",
					"$(inherited)",
				);
				GCC_WARN_64_TO_32_BIT_CONVERSION = YES;
				GCC_WARN_ABOUT_RETURN_TYPE = YES_ERROR;
				GCC_WARN_UNDECLARED_SELECTOR = YES;
				GCC_WARN_UNINITIALIZED_AUTOS = YES_AGGRESSIVE;
				GCC_WARN_UNUSED_FUNCTION = YES;
				GCC_WARN_UNUSED_VARIABLE = YES;
				IPHONEOS_DEPLOYMENT_TARGET = 9.3;
				MTL_ENABLE_DEBUG_INFO = YES;
				ONLY_ACTIVE_ARCH = YES;
				SDKROOT = iphoneos;
				TARGETED_DEVICE_FAMILY = "1,2";
			};
			name = Debug;
		};
		E68EF71F1D83FD6600CDB112 /* Release */ = {
			isa = XCBuildConfiguration;
			buildSettings = {
				ALWAYS_SEARCH_USER_PATHS = NO;
				CLANG_ANALYZER_NONNULL = YES;
				CLANG_CXX_LANGUAGE_STANDARD = "gnu++0x";
				CLANG_CXX_LIBRARY = "libc++";
				CLANG_ENABLE_MODULES = YES;
				CLANG_ENABLE_OBJC_ARC = YES;
				CLANG_WARN_BOOL_CONVERSION = YES;
				CLANG_WARN_CONSTANT_CONVERSION = YES;
				CLANG_WARN_DIRECT_OBJC_ISA_USAGE = YES_ERROR;
				CLANG_WARN_EMPTY_BODY = YES;
				CLANG_WARN_ENUM_CONVERSION = YES;
				CLANG_WARN_INT_CONVERSION = YES;
				CLANG_WARN_OBJC_ROOT_CLASS = YES_ERROR;
				CLANG_WARN_UNREACHABLE_CODE = YES;
				CLANG_WARN__DUPLICATE_METHOD_MATCH = YES;
				"CODE_SIGN_IDENTITY[sdk=iphoneos*]" = "iPhone Developer";
				COPY_PHASE_STRIP = NO;
				DEBUG_INFORMATION_FORMAT = "dwarf-with-dsym";
				ENABLE_NS_ASSERTIONS = NO;
				ENABLE_STRICT_OBJC_MSGSEND = YES;
				GCC_C_LANGUAGE_STANDARD = gnu99;
				GCC_NO_COMMON_BLOCKS = YES;
				GCC_WARN_64_TO_32_BIT_CONVERSION = YES;
				GCC_WARN_ABOUT_RETURN_TYPE = YES_ERROR;
				GCC_WARN_UNDECLARED_SELECTOR = YES;
				GCC_WARN_UNINITIALIZED_AUTOS = YES_AGGRESSIVE;
				GCC_WARN_UNUSED_FUNCTION = YES;
				GCC_WARN_UNUSED_VARIABLE = YES;
				IPHONEOS_DEPLOYMENT_TARGET = 9.3;
				MTL_ENABLE_DEBUG_INFO = NO;
				SDKROOT = iphoneos;
				TARGETED_DEVICE_FAMILY = "1,2";
				VALIDATE_PRODUCT = YES;
			};
			name = Release;
		};
		E68EF7211D83FD6600CDB112 /* Debug */ = {
			isa = XCBuildConfiguration;
			buildSettings = {
				ASSETCATALOG_COMPILER_APPICON_NAME = AppIcon;
				INFOPLIST_FILE = Declaration/Info.plist;
				LD_RUNPATH_SEARCH_PATHS = "$(inherited) @executable_path/Frameworks";
				PRODUCT_BUNDLE_IDENTIFIER = com.AlKol.Declaration;
				PRODUCT_NAME = "$(TARGET_NAME)";
				USER_HEADER_SEARCH_PATHS = "$(SRCROOT)/../DeclarationCore/**";
			};
			name = Debug;
		};
		E68EF7221D83FD6600CDB112 /* Release */ = {
			isa = XCBuildConfiguration;
			buildSettings = {
				ASSETCATALOG_COMPILER_APPICON_NAME = AppIcon;
				INFOPLIST_FILE = Declaration/Info.plist;
				LD_RUNPATH_SEARCH_PATHS = "$(inherited) @executable_path/Frameworks";
				PRODUCT_BUNDLE_IDENTIFIER = com.AlKol.Declaration;
				PRODUCT_NAME = "$(TARGET_NAME)";
				USER_HEADER_SEARCH_PATHS = "$(SRCROOT)/../DeclarationCore/**";
			};
			name = Release;
		};
/* End XCBuildConfiguration section */

/* Begin XCConfigurationList section */
		E68EF7041D83FD6600CDB112 /* Build configuration list for PBXProject "Declaration" */ = {
			isa = XCConfigurationList;
			buildConfigurations = (
				E68EF71E1D83FD6600CDB112 /* Debug */,
				E68EF71F1D83FD6600CDB112 /* Release */,
			);
			defaultConfigurationIsVisible = 0;
			defaultConfigurationName = Release;
		};
		E68EF7201D83FD6600CDB112 /* Build configuration list for PBXNativeTarget "Declaration" */ = {
			isa = XCConfigurationList;
			buildConfigurations = (
				E68EF7211D83FD6600CDB112 /* Debug */,
				E68EF7221D83FD6600CDB112 /* Release */,
			);
			defaultConfigurationIsVisible = 0;
		};
/* End XCConfigurationList section */
	};
	rootObject = E68EF7011D83FD6600CDB112 /* Project object */;
}
